// !$*UTF8*$!
{
	archiveVersion = 1;
	classes = {
	};
	objectVersion = 46;
	objects = {

/* Begin PBXBuildFile section */
		64CBB4C71D6D098E001844AC /* AppDelegate.swift in Sources */ = {isa = PBXBuildFile; fileRef = 64CBB4C61D6D098E001844AC /* AppDelegate.swift */; };
		64CBB4C91D6D098E001844AC /* ViewController.swift in Sources */ = {isa = PBXBuildFile; fileRef = 64CBB4C81D6D098E001844AC /* ViewController.swift */; };
		64CBB4CB1D6D098E001844AC /* Assets.xcassets in Resources */ = {isa = PBXBuildFile; fileRef = 64CBB4CA1D6D098E001844AC /* Assets.xcassets */; };
		64CBB4CE1D6D098E001844AC /* Main.storyboard in Resources */ = {isa = PBXBuildFile; fileRef = 64CBB4CC1D6D098E001844AC /* Main.storyboard */; };
		64CBB4D91D6D098E001844AC /* RetroTabTests.swift in Sources */ = {isa = PBXBuildFile; fileRef = 64CBB4D81D6D098E001844AC /* RetroTabTests.swift */; };
		64CBB4E51D6DC613001844AC /* opencv2.framework in Frameworks */ = {isa = PBXBuildFile; fileRef = 64CBB4E41D6DC613001844AC /* opencv2.framework */; };
		64CBB4E91D6DC659001844AC /* OpenCVBridge.mm in Sources */ = {isa = PBXBuildFile; fileRef = 64CBB4E81D6DC659001844AC /* OpenCVBridge.mm */; };
		64CBB4EC1D6DD0F2001844AC /* NSImage+OpenCV.mm in Sources */ = {isa = PBXBuildFile; fileRef = 64CBB4EB1D6DD0F2001844AC /* NSImage+OpenCV.mm */; };
		64CBB4EE1D6DD44A001844AC /* OpenCL.framework in Frameworks */ = {isa = PBXBuildFile; fileRef = 64CBB4ED1D6DD44A001844AC /* OpenCL.framework */; };
/* End PBXBuildFile section */

/* Begin PBXContainerItemProxy section */
		64CBB4D51D6D098E001844AC /* PBXContainerItemProxy */ = {
			isa = PBXContainerItemProxy;
			containerPortal = 64CBB4BB1D6D098E001844AC /* Project object */;
			proxyType = 1;
			remoteGlobalIDString = 64CBB4C21D6D098E001844AC;
			remoteInfo = RetroTab;
		};
/* End PBXContainerItemProxy section */

/* Begin PBXFileReference section */
		64CBB4C31D6D098E001844AC /* RetroTab.app */ = {isa = PBXFileReference; explicitFileType = wrapper.application; includeInIndex = 0; path = RetroTab.app; sourceTree = BUILT_PRODUCTS_DIR; };
		64CBB4C61D6D098E001844AC /* AppDelegate.swift */ = {isa = PBXFileReference; lastKnownFileType = sourcecode.swift; path = AppDelegate.swift; sourceTree = "<group>"; };
		64CBB4C81D6D098E001844AC /* ViewController.swift */ = {isa = PBXFileReference; lastKnownFileType = sourcecode.swift; path = ViewController.swift; sourceTree = "<group>"; };
		64CBB4CA1D6D098E001844AC /* Assets.xcassets */ = {isa = PBXFileReference; lastKnownFileType = folder.assetcatalog; path = Assets.xcassets; sourceTree = "<group>"; };
		64CBB4CD1D6D098E001844AC /* Base */ = {isa = PBXFileReference; lastKnownFileType = file.storyboard; name = Base; path = Base.lproj/Main.storyboard; sourceTree = "<group>"; };
		64CBB4CF1D6D098E001844AC /* Info.plist */ = {isa = PBXFileReference; lastKnownFileType = text.plist.xml; path = Info.plist; sourceTree = "<group>"; };
		64CBB4D41D6D098E001844AC /* RetroTabTests.xctest */ = {isa = PBXFileReference; explicitFileType = wrapper.cfbundle; includeInIndex = 0; path = RetroTabTests.xctest; sourceTree = BUILT_PRODUCTS_DIR; };
		64CBB4D81D6D098E001844AC /* RetroTabTests.swift */ = {isa = PBXFileReference; lastKnownFileType = sourcecode.swift; path = RetroTabTests.swift; sourceTree = "<group>"; };
		64CBB4DA1D6D098E001844AC /* Info.plist */ = {isa = PBXFileReference; lastKnownFileType = text.plist.xml; path = Info.plist; sourceTree = "<group>"; };
		64CBB4E41D6DC613001844AC /* opencv2.framework */ = {isa = PBXFileReference; lastKnownFileType = wrapper.framework; name = opencv2.framework; path = Libraries/opencv2.framework; sourceTree = "<group>"; };
		64CBB4E61D6DC659001844AC /* RetroTab-Bridging-Header.h */ = {isa = PBXFileReference; lastKnownFileType = sourcecode.c.h; path = "RetroTab-Bridging-Header.h"; sourceTree = "<group>"; };
		64CBB4E71D6DC659001844AC /* OpenCVBridge.h */ = {isa = PBXFileReference; explicitFileType = sourcecode.cpp.h; fileEncoding = 4; path = OpenCVBridge.h; sourceTree = "<group>"; };
		64CBB4E81D6DC659001844AC /* OpenCVBridge.mm */ = {isa = PBXFileReference; fileEncoding = 4; lastKnownFileType = sourcecode.cpp.objcpp; path = OpenCVBridge.mm; sourceTree = "<group>"; };
		64CBB4EA1D6DD0F2001844AC /* NSImage+OpenCV.h */ = {isa = PBXFileReference; fileEncoding = 4; lastKnownFileType = sourcecode.c.h; path = "NSImage+OpenCV.h"; sourceTree = "<group>"; };
		64CBB4EB1D6DD0F2001844AC /* NSImage+OpenCV.mm */ = {isa = PBXFileReference; fileEncoding = 4; lastKnownFileType = sourcecode.cpp.objcpp; path = "NSImage+OpenCV.mm"; sourceTree = "<group>"; };
		64CBB4ED1D6DD44A001844AC /* OpenCL.framework */ = {isa = PBXFileReference; lastKnownFileType = wrapper.framework; name = OpenCL.framework; path = System/Library/Frameworks/OpenCL.framework; sourceTree = SDKROOT; };
/* End PBXFileReference section */

/* Begin PBXFrameworksBuildPhase section */
		64CBB4C01D6D098E001844AC /* Frameworks */ = {
			isa = PBXFrameworksBuildPhase;
			buildActionMask = 2147483647;
			files = (
				64CBB4EE1D6DD44A001844AC /* OpenCL.framework in Frameworks */,
				64CBB4E51D6DC613001844AC /* opencv2.framework in Frameworks */,
			);
			runOnlyForDeploymentPostprocessing = 0;
		};
		64CBB4D11D6D098E001844AC /* Frameworks */ = {
			isa = PBXFrameworksBuildPhase;
			buildActionMask = 2147483647;
			files = (
			);
			runOnlyForDeploymentPostprocessing = 0;
		};
/* End PBXFrameworksBuildPhase section */

/* Begin PBXGroup section */
		64CBB4BA1D6D098E001844AC = {
			isa = PBXGroup;
			children = (
				64CBB4ED1D6DD44A001844AC /* OpenCL.framework */,
				64CBB4E31D6DC606001844AC /* Libraries */,
				64CBB4C51D6D098E001844AC /* RetroTab */,
				64CBB4D71D6D098E001844AC /* RetroTabTests */,
				64CBB4C41D6D098E001844AC /* Products */,
			);
			sourceTree = "<group>";
		};
		64CBB4C41D6D098E001844AC /* Products */ = {
			isa = PBXGroup;
			children = (
				64CBB4C31D6D098E001844AC /* RetroTab.app */,
				64CBB4D41D6D098E001844AC /* RetroTabTests.xctest */,
			);
			name = Products;
			sourceTree = "<group>";
		};
		64CBB4C51D6D098E001844AC /* RetroTab */ = {
			isa = PBXGroup;
			children = (
				64CBB4C61D6D098E001844AC /* AppDelegate.swift */,
				64CBB4C81D6D098E001844AC /* ViewController.swift */,
				64CBB4CA1D6D098E001844AC /* Assets.xcassets */,
				64CBB4CC1D6D098E001844AC /* Main.storyboard */,
				64CBB4CF1D6D098E001844AC /* Info.plist */,
				64CBB4E71D6DC659001844AC /* OpenCVBridge.h */,
				64CBB4E81D6DC659001844AC /* OpenCVBridge.mm */,
				64CBB4E61D6DC659001844AC /* RetroTab-Bridging-Header.h */,
				64CBB4EA1D6DD0F2001844AC /* NSImage+OpenCV.h */,
				64CBB4EB1D6DD0F2001844AC /* NSImage+OpenCV.mm */,
			);
			path = RetroTab;
			sourceTree = "<group>";
		};
		64CBB4D71D6D098E001844AC /* RetroTabTests */ = {
			isa = PBXGroup;
			children = (
				64CBB4D81D6D098E001844AC /* RetroTabTests.swift */,
				64CBB4DA1D6D098E001844AC /* Info.plist */,
			);
			path = RetroTabTests;
			sourceTree = "<group>";
		};
		64CBB4E31D6DC606001844AC /* Libraries */ = {
			isa = PBXGroup;
			children = (
				64CBB4E41D6DC613001844AC /* opencv2.framework */,
			);
			name = Libraries;
			sourceTree = "<group>";
		};
/* End PBXGroup section */

/* Begin PBXNativeTarget section */
		64CBB4C21D6D098E001844AC /* RetroTab */ = {
			isa = PBXNativeTarget;
			buildConfigurationList = 64CBB4DD1D6D098E001844AC /* Build configuration list for PBXNativeTarget "RetroTab" */;
			buildPhases = (
				64CBB4BF1D6D098E001844AC /* Sources */,
				64CBB4C01D6D098E001844AC /* Frameworks */,
				64CBB4C11D6D098E001844AC /* Resources */,
			);
			buildRules = (
			);
			dependencies = (
			);
			name = RetroTab;
			productName = RetroTab;
			productReference = 64CBB4C31D6D098E001844AC /* RetroTab.app */;
			productType = "com.apple.product-type.application";
		};
		64CBB4D31D6D098E001844AC /* RetroTabTests */ = {
			isa = PBXNativeTarget;
			buildConfigurationList = 64CBB4E01D6D098E001844AC /* Build configuration list for PBXNativeTarget "RetroTabTests" */;
			buildPhases = (
				64CBB4D01D6D098E001844AC /* Sources */,
				64CBB4D11D6D098E001844AC /* Frameworks */,
				64CBB4D21D6D098E001844AC /* Resources */,
			);
			buildRules = (
			);
			dependencies = (
				64CBB4D61D6D098E001844AC /* PBXTargetDependency */,
			);
			name = RetroTabTests;
			productName = RetroTabTests;
			productReference = 64CBB4D41D6D098E001844AC /* RetroTabTests.xctest */;
			productType = "com.apple.product-type.bundle.unit-test";
		};
/* End PBXNativeTarget section */

/* Begin PBXProject section */
		64CBB4BB1D6D098E001844AC /* Project object */ = {
			isa = PBXProject;
			attributes = {
				LastSwiftUpdateCheck = 0730;
				LastUpgradeCheck = 0730;
				ORGANIZATIONNAME = "Adam Jensen";
				TargetAttributes = {
					64CBB4C21D6D098E001844AC = {
						CreatedOnToolsVersion = 7.3.1;
					};
					64CBB4D31D6D098E001844AC = {
						CreatedOnToolsVersion = 7.3.1;
						TestTargetID = 64CBB4C21D6D098E001844AC;
					};
				};
			};
			buildConfigurationList = 64CBB4BE1D6D098E001844AC /* Build configuration list for PBXProject "RetroTab" */;
			compatibilityVersion = "Xcode 3.2";
			developmentRegion = English;
			hasScannedForEncodings = 0;
			knownRegions = (
				en,
				Base,
			);
			mainGroup = 64CBB4BA1D6D098E001844AC;
			productRefGroup = 64CBB4C41D6D098E001844AC /* Products */;
			projectDirPath = "";
			projectRoot = "";
			targets = (
				64CBB4C21D6D098E001844AC /* RetroTab */,
				64CBB4D31D6D098E001844AC /* RetroTabTests */,
			);
		};
/* End PBXProject section */

/* Begin PBXResourcesBuildPhase section */
		64CBB4C11D6D098E001844AC /* Resources */ = {
			isa = PBXResourcesBuildPhase;
			buildActionMask = 2147483647;
			files = (
				64CBB4CB1D6D098E001844AC /* Assets.xcassets in Resources */,
				64CBB4CE1D6D098E001844AC /* Main.storyboard in Resources */,
			);
			runOnlyForDeploymentPostprocessing = 0;
		};
		64CBB4D21D6D098E001844AC /* Resources */ = {
			isa = PBXResourcesBuildPhase;
			buildActionMask = 2147483647;
			files = (
			);
			runOnlyForDeploymentPostprocessing = 0;
		};
/* End PBXResourcesBuildPhase section */

/* Begin PBXSourcesBuildPhase section */
		64CBB4BF1D6D098E001844AC /* Sources */ = {
			isa = PBXSourcesBuildPhase;
			buildActionMask = 2147483647;
			files = (
				64CBB4E91D6DC659001844AC /* OpenCVBridge.mm in Sources */,
				64CBB4C91D6D098E001844AC /* ViewController.swift in Sources */,
				64CBB4EC1D6DD0F2001844AC /* NSImage+OpenCV.mm in Sources */,
				64CBB4C71D6D098E001844AC /* AppDelegate.swift in Sources */,
			);
			runOnlyForDeploymentPostprocessing = 0;
		};
		64CBB4D01D6D098E001844AC /* Sources */ = {
			isa = PBXSourcesBuildPhase;
			buildActionMask = 2147483647;
			files = (
				64CBB4D91D6D098E001844AC /* RetroTabTests.swift in Sources */,
			);
			runOnlyForDeploymentPostprocessing = 0;
		};
/* End PBXSourcesBuildPhase section */

/* Begin PBXTargetDependency section */
		64CBB4D61D6D098E001844AC /* PBXTargetDependency */ = {
			isa = PBXTargetDependency;
			target = 64CBB4C21D6D098E001844AC /* RetroTab */;
			targetProxy = 64CBB4D51D6D098E001844AC /* PBXContainerItemProxy */;
		};
/* End PBXTargetDependency section */

/* Begin PBXVariantGroup section */
		64CBB4CC1D6D098E001844AC /* Main.storyboard */ = {
			isa = PBXVariantGroup;
			children = (
				64CBB4CD1D6D098E001844AC /* Base */,
			);
			name = Main.storyboard;
			sourceTree = "<group>";
		};
/* End PBXVariantGroup section */

/* Begin XCBuildConfiguration section */
		64CBB4DB1D6D098E001844AC /* Debug */ = {
			isa = XCBuildConfiguration;
			buildSettings = {
				ALWAYS_SEARCH_USER_PATHS = NO;
				CLANG_ANALYZER_NONNULL = YES;
				CLANG_CXX_LANGUAGE_STANDARD = "gnu++0x";
				CLANG_CXX_LIBRARY = "libc++";
				CLANG_ENABLE_MODULES = YES;
				CLANG_ENABLE_OBJC_ARC = YES;
				CLANG_WARN_BOOL_CONVERSION = YES;
				CLANG_WARN_CONSTANT_CONVERSION = YES;
				CLANG_WARN_DIRECT_OBJC_ISA_USAGE = YES_ERROR;
				CLANG_WARN_EMPTY_BODY = YES;
				CLANG_WARN_ENUM_CONVERSION = YES;
				CLANG_WARN_INT_CONVERSION = YES;
				CLANG_WARN_OBJC_ROOT_CLASS = YES_ERROR;
				CLANG_WARN_UNREACHABLE_CODE = YES;
				CLANG_WARN__DUPLICATE_METHOD_MATCH = YES;
				CODE_SIGN_IDENTITY = "-";
				COPY_PHASE_STRIP = NO;
				DEBUG_INFORMATION_FORMAT = dwarf;
				ENABLE_STRICT_OBJC_MSGSEND = YES;
				ENABLE_TESTABILITY = YES;
				GCC_C_LANGUAGE_STANDARD = gnu99;
				GCC_DYNAMIC_NO_PIC = NO;
				GCC_NO_COMMON_BLOCKS = YES;
				GCC_OPTIMIZATION_LEVEL = 0;
				GCC_PREPROCESSOR_DEFINITIONS = (
					"DEBUG=1",
					"$(inherited)",
				);
				GCC_WARN_64_TO_32_BIT_CONVERSION = YES;
				GCC_WARN_ABOUT_RETURN_TYPE = YES_ERROR;
				GCC_WARN_UNDECLARED_SELECTOR = YES;
				GCC_WARN_UNINITIALIZED_AUTOS = YES_AGGRESSIVE;
				GCC_WARN_UNUSED_FUNCTION = YES;
				GCC_WARN_UNUSED_VARIABLE = YES;
				MACOSX_DEPLOYMENT_TARGET = 10.11;
				MTL_ENABLE_DEBUG_INFO = YES;
				ONLY_ACTIVE_ARCH = YES;
				SDKROOT = macosx;
				SWIFT_OPTIMIZATION_LEVEL = "-Onone";
			};
			name = Debug;
		};
		64CBB4DC1D6D098E001844AC /* Release */ = {
			isa = XCBuildConfiguration;
			buildSettings = {
				ALWAYS_SEARCH_USER_PATHS = NO;
				CLANG_ANALYZER_NONNULL = YES;
				CLANG_CXX_LANGUAGE_STANDARD = "gnu++0x";
				CLANG_CXX_LIBRARY = "libc++";
				CLANG_ENABLE_MODULES = YES;
				CLANG_ENABLE_OBJC_ARC = YES;
				CLANG_WARN_BOOL_CONVERSION = YES;
				CLANG_WARN_CONSTANT_CONVERSION = YES;
				CLANG_WARN_DIRECT_OBJC_ISA_USAGE = YES_ERROR;
				CLANG_WARN_EMPTY_BODY = YES;
				CLANG_WARN_ENUM_CONVERSION = YES;
				CLANG_WARN_INT_CONVERSION = YES;
				CLANG_WARN_OBJC_ROOT_CLASS = YES_ERROR;
				CLANG_WARN_UNREACHABLE_CODE = YES;
				CLANG_WARN__DUPLICATE_METHOD_MATCH = YES;
				CODE_SIGN_IDENTITY = "-";
				COPY_PHASE_STRIP = NO;
				DEBUG_INFORMATION_FORMAT = "dwarf-with-dsym";
				ENABLE_NS_ASSERTIONS = NO;
				ENABLE_STRICT_OBJC_MSGSEND = YES;
				GCC_C_LANGUAGE_STANDARD = gnu99;
				GCC_NO_COMMON_BLOCKS = YES;
				GCC_WARN_64_TO_32_BIT_CONVERSION = YES;
				GCC_WARN_ABOUT_RETURN_TYPE = YES_ERROR;
				GCC_WARN_UNDECLARED_SELECTOR = YES;
				GCC_WARN_UNINITIALIZED_AUTOS = YES_AGGRESSIVE;
				GCC_WARN_UNUSED_FUNCTION = YES;
				GCC_WARN_UNUSED_VARIABLE = YES;
				MACOSX_DEPLOYMENT_TARGET = 10.11;
				MTL_ENABLE_DEBUG_INFO = NO;
				SDKROOT = macosx;
			};
			name = Release;
		};
		64CBB4DE1D6D098E001844AC /* Debug */ = {
			isa = XCBuildConfiguration;
			buildSettings = {
				ASSETCATALOG_COMPILER_APPICON_NAME = AppIcon;
				CLANG_ENABLE_MODULES = YES;
				COMBINE_HIDPI_IMAGES = YES;
				FRAMEWORK_SEARCH_PATHS = (
					"$(inherited)",
					"$(PROJECT_DIR)/Libraries",
				);
				INFOPLIST_FILE = RetroTab/Info.plist;
				LD_RUNPATH_SEARCH_PATHS = "$(inherited) @executable_path/../Frameworks";
				PRODUCT_BUNDLE_IDENTIFIER = io.github.acj.RetroTab;
				PRODUCT_NAME = "$(TARGET_NAME)";
				SWIFT_OBJC_BRIDGING_HEADER = "RetroTab/RetroTab-Bridging-Header.h";
				SWIFT_OPTIMIZATION_LEVEL = "-Onone";
			};
			name = Debug;
		};
		64CBB4DF1D6D098E001844AC /* Release */ = {
			isa = XCBuildConfiguration;
			buildSettings = {
				ASSETCATALOG_COMPILER_APPICON_NAME = AppIcon;
				CLANG_ENABLE_MODULES = YES;
				COMBINE_HIDPI_IMAGES = YES;
				FRAMEWORK_SEARCH_PATHS = (
					"$(inherited)",
					"$(PROJECT_DIR)/Libraries",
				);
				INFOPLIST_FILE = RetroTab/Info.plist;
				LD_RUNPATH_SEARCH_PATHS = "$(inherited) @executable_path/../Frameworks";
				PRODUCT_BUNDLE_IDENTIFIER = io.github.acj.RetroTab;
				PRODUCT_NAME = "$(TARGET_NAME)";
				SWIFT_OBJC_BRIDGING_HEADER = "RetroTab/RetroTab-Bridging-Header.h";
			};
			name = Release;
		};
		64CBB4E11D6D098E001844AC /* Debug */ = {
			isa = XCBuildConfiguration;
			buildSettings = {
				BUNDLE_LOADER = "$(TEST_HOST)";
				COMBINE_HIDPI_IMAGES = YES;
				INFOPLIST_FILE = RetroTabTests/Info.plist;
				LD_RUNPATH_SEARCH_PATHS = "$(inherited) @executable_path/../Frameworks @loader_path/../Frameworks";
				PRODUCT_BUNDLE_IDENTIFIER = io.github.acj.RetroTabTests;
				PRODUCT_NAME = "$(TARGET_NAME)";
				TEST_HOST = "$(BUILT_PRODUCTS_DIR)/RetroTab.app/Contents/MacOS/RetroTab";
			};
			name = Debug;
		};
		64CBB4E21D6D098E001844AC /* Release */ = {
			isa = XCBuildConfiguration;
			buildSettings = {
				BUNDLE_LOADER = "$(TEST_HOST)";
				COMBINE_HIDPI_IMAGES = YES;
				INFOPLIST_FILE = RetroTabTests/Info.plist;
				LD_RUNPATH_SEARCH_PATHS = "$(inherited) @executable_path/../Frameworks @loader_path/../Frameworks";
				PRODUCT_BUNDLE_IDENTIFIER = io.github.acj.RetroTabTests;
				PRODUCT_NAME = "$(TARGET_NAME)";
				TEST_HOST = "$(BUILT_PRODUCTS_DIR)/RetroTab.app/Contents/MacOS/RetroTab";
			};
			name = Release;
		};
/* End XCBuildConfiguration section */

/* Begin XCConfigurationList section */
		64CBB4BE1D6D098E001844AC /* Build configuration list for PBXProject "RetroTab" */ = {
			isa = XCConfigurationList;
			buildConfigurations = (
				64CBB4DB1D6D098E001844AC /* Debug */,
				64CBB4DC1D6D098E001844AC /* Release */,
			);
			defaultConfigurationIsVisible = 0;
			defaultConfigurationName = Release;
		};
		64CBB4DD1D6D098E001844AC /* Build configuration list for PBXNativeTarget "RetroTab" */ = {
			isa = XCConfigurationList;
			buildConfigurations = (
				64CBB4DE1D6D098E001844AC /* Debug */,
				64CBB4DF1D6D098E001844AC /* Release */,
			);
			defaultConfigurationIsVisible = 0;
		};
		64CBB4E01D6D098E001844AC /* Build configuration list for PBXNativeTarget "RetroTabTests" */ = {
			isa = XCConfigurationList;
			buildConfigurations = (
				64CBB4E11D6D098E001844AC /* Debug */,
				64CBB4E21D6D098E001844AC /* Release */,
			);
			defaultConfigurationIsVisible = 0;
		};
/* End XCConfigurationList section */
	};
	rootObject = 64CBB4BB1D6D098E001844AC /* Project object */;
}
